
Microsoft Visual Studio Solution File, Format Version 12.00
# Visual Studio Version 16
VisualStudioVersion = 16.0.30907.101
MinimumVisualStudioVersion = 10.0.40219.1
Project("{9A19103F-16F7-4668-BE54-9A1E7A4F7556}") = "AchtungStarter", "AchtungStarter\AchtungStarter.csproj", "{6A1CE447-8D34-408D-8685-247FA8132702}"
EndProject
Global
	GlobalSection(SolutionConfigurationPlatforms) = preSolution
		Debug|Any CPU = Debug|Any CPU
		Release|Any CPU = Release|Any CPU
	EndGlobalSection
	GlobalSection(ProjectConfigurationPlatforms) = postSolution
		{6A1CE447-8D34-408D-8685-247FA8132702}.Debug|Any CPU.ActiveCfg = Debug|Any CPU
		{6A1CE447-8D34-408D-8685-247FA8132702}.Debug|Any CPU.Build.0 = Debug|Any CPU
		{6A1CE447-8D34-408D-8685-247FA8132702}.Release|Any CPU.ActiveCfg = Release|Any CPU
		{6A1CE447-8D34-408D-8685-247FA8132702}.Release|Any CPU.Build.0 = Release|Any CPU
	EndGlobalSection
	GlobalSection(SolutionProperties) = preSolution
		HideSolutionNode = FALSE
	EndGlobalSection
	GlobalSection(ExtensibilityGlobals) = postSolution
		SolutionGuid = {C57E8BEE-5161-42AC-9FC2-B9D2B06FD30B}
	EndGlobalSection
EndGlobal
